<?xml version="1.0" encoding="utf-8"?>
<Project ToolsVersion="4.0" xmlns="http://schemas.microsoft.com/developer/msbuild/2003">
  <ItemGroup>
    <Filter Include="Source Files">
      <UniqueIdentifier>{4FC737F1-C7A5-4376-A066-2A32D752A2FF}</UniqueIdentifier>
      <Extensions>cpp;c;cc;cxx;c++;cppm;ixx;def;odl;idl;hpj;bat;asm;asmx</Extensions>
    </Filter>
    <Filter Include="Header Files">
      <UniqueIdentifier>{93995380-89BD-4b04-88EB-625FBE52EBFB}</UniqueIdentifier>
      <Extensions>h;hh;hpp;hxx;h++;hm;inl;inc;ipp;xsd</Extensions>
    </Filter>
    <Filter Include="Resource Files">
      <UniqueIdentifier>{67DA6AB6-F800-4c08-8B7A-83BB121AAD01}</UniqueIdentifier>
      <Extensions>rc;ico;cur;bmp;dlg;rc2;rct;bin;rgs;gif;jpg;jpeg;jpe;resx;tiff;tif;png;wav;mfcribbon-ms</Extensions>
    </Filter>
    <Filter Include="Upgrades">
      <UniqueIdentifier>{e637fde8-dd3a-4bf9-bcd7-7d9e22a4847c}</UniqueIdentifier>
    </Filter>
  </ItemGroup>
  <ItemGroup>
    <ClCompile Include="main.cpp">
      <Filter>Source Files</Filter>
    </ClCompile>
    <ClCompile Include="ClickObject.cpp">
      <Filter>Source Files</Filter>
    </ClCompile>
    <ClCompile Include="PowerUp.cpp">
      <Filter>Source Files</Filter>
    </ClCompile>
    <ClCompile Include="Cursor.cpp">
      <Filter>Source Files</Filter>
    </ClCompile>
    <ClCompile Include="Grandma.cpp">
      <Filter>Source Files</Filter>
    </ClCompile>
    <ClCompile Include="AppleTree.cpp">
      <Filter>Source Files</Filter>
    </ClCompile>
    <ClCompile Include="Lab.cpp">
      <Filter>Source Files</Filter>
    </ClCompile>
    <ClCompile Include="PlayerHud.cpp">
      <Filter>Source Files</Filter>
    </ClCompile>
    <ClCompile Include="Upgrades.cpp">
      <Filter>Source Files</Filter>
    </ClCompile>
    <ClCompile Include="CursorUpgrades.cpp">
      <Filter>Upgrades</Filter>
    </ClCompile>
    <ClCompile Include="GrandmaUpgrades.cpp">
      <Filter>Source Files</Filter>
    </ClCompile>
    <ClCompile Include="AppleTreeUpgrades.cpp">
      <Filter>Source Files</Filter>
    </ClCompile>
  </ItemGroup>
  <ItemGroup>
    <ClInclude Include="ClickObject.h">
      <Filter>Header Files</Filter>
    </ClInclude>
    <ClInclude Include="PowerUp.h">
      <Filter>Header Files</Filter>
    </ClInclude>
    <ClInclude Include="Cursor.h">
      <Filter>Header Files</Filter>
    </ClInclude>
    <ClInclude Include="Grandma.h">
      <Filter>Header Files</Filter>
    </ClInclude>
    <ClInclude Include="AppleTree.h">
      <Filter>Header Files</Filter>
    </ClInclude>
    <ClInclude Include="Lab.h">
      <Filter>Header Files</Filter>
    </ClInclude>
    <ClInclude Include="PlayerHud.h">
      <Filter>Header Files</Filter>
    </ClInclude>
    <ClInclude Include="Upgrades.h">
      <Filter>Header Files</Filter>
    </ClInclude>
    <ClInclude Include="CursorUpgrades.h">
      <Filter>Header Files</Filter>
    </ClInclude>
    <ClInclude Include="GrandmaUpgrades.h">
      <Filter>Header Files</Filter>
    </ClInclude>
    <ClInclude Include="AppleTreeUpgrades.h">
      <Filter>Header Files</Filter>
    </ClInclude>
  </ItemGroup>
</Project>